// !$*UTF8*$!
{
	archiveVersion = 1;
	classes = {
	};
	objectVersion = 90;
	objects = {

/* Begin PBXBuildFile section */
		1B435A6B296F21630077A10A /* TMDb in Frameworks */ = {isa = PBXBuildFile; productRef = 1B435A6A296F21630077A10A /* TMDb */; };
		1B435A6E296F2E970077A10A /* TMDb in Frameworks */ = {isa = PBXBuildFile; productRef = 1B435A6D296F2E970077A10A /* TMDb */; };
		1B6896FC29371D24004E6730 /* WidgetKit.framework in Frameworks */ = {isa = PBXBuildFile; fileRef = 1B6896E029371BF0004E6730 /* WidgetKit.framework */; };
		1B6896FD29371D24004E6730 /* SwiftUI.framework in Frameworks */ = {isa = PBXBuildFile; fileRef = 1B6896E229371BF0004E6730 /* SwiftUI.framework */; };
		1B68970829371D25004E6730 /* CountdownsWidgetExtension.appex in Embed Foundation Extensions */ = {isa = PBXBuildFile; fileRef = 1B6896FB29371D24004E6730 /* CountdownsWidgetExtension.appex */; settings = {ATTRIBUTES = (RemoveHeadersOnCopy, ); }; };
		1BF386402AC519E500245931 /* Countdowns Watch Watch App.app in Embed Watch Content */ = {isa = PBXBuildFile; fileRef = 1BF386332AC519E400245931 /* Countdowns Watch Watch App.app */; platformFilters = (ios, maccatalyst, ); settings = {ATTRIBUTES = (RemoveHeadersOnCopy, ); }; };
		1BF3864C2AC51BBF00245931 /* TMDb in Frameworks */ = {isa = PBXBuildFile; productRef = 1BF3864B2AC51BBF00245931 /* TMDb */; };
/* End PBXBuildFile section */

/* Begin PBXContainerItemProxy section */
		1B68970629371D25004E6730 /* PBXContainerItemProxy */ = {
			isa = PBXContainerItemProxy;
			containerPortal = 1B3BF5C0289567C300E87899 /* Project object */;
			proxyType = 1;
			remoteGlobalIDString = 1B6896FA29371D24004E6730;
			remoteInfo = CountdownsWidgetExtension;
		};
		1BF3863E2AC519E500245931 /* PBXContainerItemProxy */ = {
			isa = PBXContainerItemProxy;
			containerPortal = 1B3BF5C0289567C300E87899 /* Project object */;
			proxyType = 1;
			remoteGlobalIDString = 1BF386322AC519E400245931;
			remoteInfo = "Countdowns Watch Watch App";
		};
/* End PBXContainerItemProxy section */

/* Begin PBXCopyFilesBuildPhase section */
		1B6896F529371BF2004E6730 /* Embed Foundation Extensions */ = {
			isa = PBXCopyFilesBuildPhase;
			dstPath = "";
			dstSubfolder = PlugIns;
			files = (
				1B68970829371D25004E6730 /* CountdownsWidgetExtension.appex in Embed Foundation Extensions */,
			);
			name = "Embed Foundation Extensions";
		};
		1BF386412AC519E500245931 /* Embed Watch Content */ = {
			isa = PBXCopyFilesBuildPhase;
			dstPath = "$(CONTENTS_FOLDER_PATH)/Watch";
			dstSubfolder = Product;
			files = (
				1BF386402AC519E500245931 /* Countdowns Watch Watch App.app in Embed Watch Content */,
			);
			name = "Embed Watch Content";
		};
/* End PBXCopyFilesBuildPhase section */

/* Begin PBXFileReference section */
		1B36237B293A7D120077527D /* CountdownsWidgetExtension.entitlements */ = {isa = PBXFileReference; lastKnownFileType = text.plist.entitlements; path = CountdownsWidgetExtension.entitlements; sourceTree = "<group>"; };
		1B3BF5C8289567C300E87899 /* Countdowns.app */ = {isa = PBXFileReference; explicitFileType = wrapper.application; includeInIndex = 0; path = Countdowns.app; sourceTree = BUILT_PRODUCTS_DIR; };
		1B6896E029371BF0004E6730 /* WidgetKit.framework */ = {isa = PBXFileReference; lastKnownFileType = wrapper.framework; name = WidgetKit.framework; path = System/Library/Frameworks/WidgetKit.framework; sourceTree = SDKROOT; };
		1B6896E229371BF0004E6730 /* SwiftUI.framework */ = {isa = PBXFileReference; lastKnownFileType = wrapper.framework; name = SwiftUI.framework; path = System/Library/Frameworks/SwiftUI.framework; sourceTree = SDKROOT; };
		1B6896FB29371D24004E6730 /* CountdownsWidgetExtension.appex */ = {isa = PBXFileReference; explicitFileType = "wrapper.app-extension"; includeInIndex = 0; path = CountdownsWidgetExtension.appex; sourceTree = BUILT_PRODUCTS_DIR; };
		1BF386332AC519E400245931 /* Countdowns Watch Watch App.app */ = {isa = PBXFileReference; explicitFileType = wrapper.application; includeInIndex = 0; path = "Countdowns Watch Watch App.app"; sourceTree = BUILT_PRODUCTS_DIR; };
/* End PBXFileReference section */

/* Begin PBXFileSystemSynchronizedBuildFileExceptionSet section */
		1B7DF8F42E2418310071B353 /* Exceptions for "CountdownsWidget" folder in "CountdownsWidgetExtension" target */ = {
			isa = PBXFileSystemSynchronizedBuildFileExceptionSet;
			membershipExceptions = (
				Info.plist,
			);
			target = 1B6896FA29371D24004E6730 /* CountdownsWidgetExtension */;
		};
		1B7DF9352E2418630071B353 /* Exceptions for "Countdowns" folder in "CountdownsWidgetExtension" target */ = {
			isa = PBXFileSystemSynchronizedBuildFileExceptionSet;
			membershipExceptions = (
				Models/ColorName.swift,
				Models/Event.swift,
				Models/IconResource.swift,
				Models/MediaDatabase.swift,
				Models/Secrets.swift,
				Models/Symbol.swift,
			);
			target = 1B6896FA29371D24004E6730 /* CountdownsWidgetExtension */;
		};
		1B7DF9362E2418630071B353 /* Exceptions for "Countdowns" folder in "Countdowns Watch Watch App" target */ = {
			isa = PBXFileSystemSynchronizedBuildFileExceptionSet;
			membershipExceptions = (
				App.icon,
				Models/ColorName.swift,
				Models/Event.swift,
				Models/IconResource.swift,
				Models/MediaDatabase.swift,
				Models/Secrets.swift,
				Models/Symbol.swift,
			);
			target = 1BF386322AC519E400245931 /* Countdowns Watch Watch App */;
		};
		1B7DF9462E2419590071B353 /* Exceptions for "Countdowns" folder in "Countdowns" target */ = {
			isa = PBXFileSystemSynchronizedBuildFileExceptionSet;
			membershipExceptions = (
				Info.plist,
			);
			target = 1B3BF5C7289567C300E87899 /* Countdowns */;
		};
		1B7DF9472E24196C0071B353 /* Exceptions for "Countdowns Watch Watch App" folder in "Countdowns Watch Watch App" target */ = {
			isa = PBXFileSystemSynchronizedBuildFileExceptionSet;
			membershipExceptions = (
				"Countdowns-Watch-Watch-App-Info.plist",
			);
			target = 1BF386322AC519E400245931 /* Countdowns Watch Watch App */;
		};
/* End PBXFileSystemSynchronizedBuildFileExceptionSet section */

/* Begin PBXFileSystemSynchronizedRootGroup section */
		1B7DF8EF2E2418310071B353 /* CountdownsWidget */ = {
			isa = PBXFileSystemSynchronizedRootGroup;
			exceptions = (
				1B7DF8F42E2418310071B353 /* Exceptions for "CountdownsWidget" folder in "CountdownsWidgetExtension" target */,
			);
			path = CountdownsWidget;
			sourceTree = "<group>";
		};
		1B7DF9112E2418630071B353 /* Countdowns */ = {
			isa = PBXFileSystemSynchronizedRootGroup;
			exceptions = (
				1B7DF9462E2419590071B353 /* Exceptions for "Countdowns" folder in "Countdowns" target */,
				1B7DF9352E2418630071B353 /* Exceptions for "Countdowns" folder in "CountdownsWidgetExtension" target */,
				1B7DF9362E2418630071B353 /* Exceptions for "Countdowns" folder in "Countdowns Watch Watch App" target */,
			);
			path = Countdowns;
			sourceTree = "<group>";
		};
		1B7DF9402E24189E0071B353 /* Countdowns Watch Watch App */ = {
			isa = PBXFileSystemSynchronizedRootGroup;
			exceptions = (
				1B7DF9472E24196C0071B353 /* Exceptions for "Countdowns Watch Watch App" folder in "Countdowns Watch Watch App" target */,
			);
			path = "Countdowns Watch Watch App";
			sourceTree = "<group>";
		};
/* End PBXFileSystemSynchronizedRootGroup section */

/* Begin PBXFrameworksBuildPhase section */
		1B3BF5C5289567C300E87899 /* Frameworks */ = {
			isa = PBXFrameworksBuildPhase;
			files = (
				1B435A6B296F21630077A10A /* TMDb in Frameworks */,
			);
		};
		1B6896F829371D24004E6730 /* Frameworks */ = {
			isa = PBXFrameworksBuildPhase;
			files = (
				1B6896FD29371D24004E6730 /* SwiftUI.framework in Frameworks */,
				1B435A6E296F2E970077A10A /* TMDb in Frameworks */,
				1B6896FC29371D24004E6730 /* WidgetKit.framework in Frameworks */,
			);
		};
		1BF386302AC519E400245931 /* Frameworks */ = {
			isa = PBXFrameworksBuildPhase;
			files = (
				1BF3864C2AC51BBF00245931 /* TMDb in Frameworks */,
			);
		};
/* End PBXFrameworksBuildPhase section */

/* Begin PBXGroup section */
		1B3BF5BF289567C300E87899 = {
			isa = PBXGroup;
			children = (
				1B36237B293A7D120077527D /* CountdownsWidgetExtension.entitlements */,
				1B7DF9112E2418630071B353 /* Countdowns */,
				1B7DF8EF2E2418310071B353 /* CountdownsWidget */,
				1B7DF9402E24189E0071B353 /* Countdowns Watch Watch App */,
				1B6896DF29371BF0004E6730 /* Frameworks */,
				1B3BF5C9289567C300E87899 /* Products */,
			);
			sourceTree = "<group>";
		};
		1B3BF5C9289567C300E87899 /* Products */ = {
			isa = PBXGroup;
			children = (
				1B3BF5C8289567C300E87899 /* Countdowns.app */,
				1B6896FB29371D24004E6730 /* CountdownsWidgetExtension.appex */,
				1BF386332AC519E400245931 /* Countdowns Watch Watch App.app */,
			);
			name = Products;
			sourceTree = "<group>";
		};
		1B6896DF29371BF0004E6730 /* Frameworks */ = {
			isa = PBXGroup;
			children = (
				1B6896E029371BF0004E6730 /* WidgetKit.framework */,
				1B6896E229371BF0004E6730 /* SwiftUI.framework */,
			);
			name = Frameworks;
			sourceTree = "<group>";
		};
/* End PBXGroup section */

/* Begin PBXNativeTarget section */
		1B3BF5C7289567C300E87899 /* Countdowns */ = {
			isa = PBXNativeTarget;
			buildConfigurationList = 1B3BF5D7289567C500E87899 /* Build configuration list for PBXNativeTarget "Countdowns" */;
			buildPhases = (
				1B3BF5C4289567C300E87899 /* Sources */,
				1B3BF5C5289567C300E87899 /* Frameworks */,
				1B3BF5C6289567C300E87899 /* Resources */,
				1B6896F529371BF2004E6730 /* Embed Foundation Extensions */,
				1BF386412AC519E500245931 /* Embed Watch Content */,
			);
			buildRules = (
			);
			dependencies = (
				1B68970729371D25004E6730 /* PBXTargetDependency */,
				1BF3863F2AC519E500245931 /* PBXTargetDependency */,
			);
			fileSystemSynchronizedGroups = (
				1B7DF9112E2418630071B353 /* Countdowns */,
			);
			name = Countdowns;
			packageProductDependencies = (
				1B435A6A296F21630077A10A /* TMDb */,
			);
			productName = Countdowns;
			productReference = 1B3BF5C8289567C300E87899 /* Countdowns.app */;
			productType = "com.apple.product-type.application";
		};
		1B6896FA29371D24004E6730 /* CountdownsWidgetExtension */ = {
			isa = PBXNativeTarget;
			buildConfigurationList = 1B68970929371D25004E6730 /* Build configuration list for PBXNativeTarget "CountdownsWidgetExtension" */;
			buildPhases = (
				1B6896F729371D24004E6730 /* Sources */,
				1B6896F829371D24004E6730 /* Frameworks */,
				1B6896F929371D24004E6730 /* Resources */,
			);
			buildRules = (
			);
			fileSystemSynchronizedGroups = (
				1B7DF8EF2E2418310071B353 /* CountdownsWidget */,
			);
			name = CountdownsWidgetExtension;
			packageProductDependencies = (
				1B435A6D296F2E970077A10A /* TMDb */,
			);
			productName = CountdownsWidgetExtension;
			productReference = 1B6896FB29371D24004E6730 /* CountdownsWidgetExtension.appex */;
			productType = "com.apple.product-type.app-extension";
		};
		1BF386322AC519E400245931 /* Countdowns Watch Watch App */ = {
			isa = PBXNativeTarget;
			buildConfigurationList = 1BF386442AC519E500245931 /* Build configuration list for PBXNativeTarget "Countdowns Watch Watch App" */;
			buildPhases = (
				1BF3862F2AC519E400245931 /* Sources */,
				1BF386302AC519E400245931 /* Frameworks */,
				1BF386312AC519E400245931 /* Resources */,
			);
			buildRules = (
			);
			fileSystemSynchronizedGroups = (
				1B7DF9402E24189E0071B353 /* Countdowns Watch Watch App */,
			);
			name = "Countdowns Watch Watch App";
			packageProductDependencies = (
				1BF3864B2AC51BBF00245931 /* TMDb */,
			);
			productName = "Countdowns Watch Watch App";
			productReference = 1BF386332AC519E400245931 /* Countdowns Watch Watch App.app */;
			productType = "com.apple.product-type.application";
		};
/* End PBXNativeTarget section */

/* Begin PBXProject section */
		1B3BF5C0289567C300E87899 /* Project object */ = {
			isa = PBXProject;
			attributes = {
				BuildIndependentTargetsInParallel = 1;
				LastSwiftUpdateCheck = 2600;
				LastUpgradeCheck = 2600;
				TargetAttributes = {
					1B3BF5C7289567C300E87899 = {
						CreatedOnToolsVersion = 14.0;
					};
					1B6896FA29371D24004E6730 = {
						CreatedOnToolsVersion = 14.1;
					};
					1BF386322AC519E400245931 = {
						CreatedOnToolsVersion = 15.0;
					};
				};
			};
			buildConfigurationList = 1B3BF5C3289567C300E87899 /* Build configuration list for PBXProject "Countdowns" */;
			developmentRegion = en;
			hasScannedForEncodings = 0;
			knownRegions = (
				en,
				Base,
			);
			mainGroup = 1B3BF5BF289567C300E87899;
			packageReferences = (
				1B435A69296F21630077A10A /* XCRemoteSwiftPackageReference "TMDb" */,
			);
			preferredProjectObjectVersion = 90;
			productRefGroup = 1B3BF5C9289567C300E87899 /* Products */;
			projectDirPath = "";
			projectRoot = "";
			targets = (
				1B3BF5C7289567C300E87899 /* Countdowns */,
				1B6896FA29371D24004E6730 /* CountdownsWidgetExtension */,
				1BF386322AC519E400245931 /* Countdowns Watch Watch App */,
			);
		};
/* End PBXProject section */

/* Begin PBXResourcesBuildPhase section */
		1B3BF5C6289567C300E87899 /* Resources */ = {
			isa = PBXResourcesBuildPhase;
			files = (
			);
		};
		1B6896F929371D24004E6730 /* Resources */ = {
			isa = PBXResourcesBuildPhase;
			files = (
			);
		};
		1BF386312AC519E400245931 /* Resources */ = {
			isa = PBXResourcesBuildPhase;
			files = (
			);
		};
/* End PBXResourcesBuildPhase section */

/* Begin PBXSourcesBuildPhase section */
		1B3BF5C4289567C300E87899 /* Sources */ = {
			isa = PBXSourcesBuildPhase;
			files = (
			);
		};
		1B6896F729371D24004E6730 /* Sources */ = {
			isa = PBXSourcesBuildPhase;
			files = (
			);
		};
		1BF3862F2AC519E400245931 /* Sources */ = {
			isa = PBXSourcesBuildPhase;
			files = (
			);
		};
/* End PBXSourcesBuildPhase section */

/* Begin PBXTargetDependency section */
		1B68970729371D25004E6730 /* PBXTargetDependency */ = {
			isa = PBXTargetDependency;
			target = 1B6896FA29371D24004E6730 /* CountdownsWidgetExtension */;
			targetProxy = 1B68970629371D25004E6730 /* PBXContainerItemProxy */;
		};
		1BF3863F2AC519E500245931 /* PBXTargetDependency */ = {
			isa = PBXTargetDependency;
			platformFilters = (
				ios,
				maccatalyst,
			);
			target = 1BF386322AC519E400245931 /* Countdowns Watch Watch App */;
			targetProxy = 1BF3863E2AC519E500245931 /* PBXContainerItemProxy */;
		};
/* End PBXTargetDependency section */

/* Begin XCBuildConfiguration section */
		1B3BF5D5289567C500E87899 /* Debug configuration for PBXProject "Countdowns" */ = {
			isa = XCBuildConfiguration;
			buildSettings = {
				ALLOW_TARGET_PLATFORM_SPECIALIZATION = YES;
				ALWAYS_SEARCH_USER_PATHS = NO;
				CLANG_ANALYZER_NONNULL = YES;
				CLANG_ANALYZER_NUMBER_OBJECT_CONVERSION = YES_AGGRESSIVE;
				CLANG_CXX_LANGUAGE_STANDARD = "gnu++20";
				CLANG_ENABLE_MODULES = YES;
				CLANG_ENABLE_OBJC_ARC = YES;
				CLANG_ENABLE_OBJC_WEAK = YES;
				CLANG_WARN_BLOCK_CAPTURE_AUTORELEASING = YES;
				CLANG_WARN_BOOL_CONVERSION = YES;
				CLANG_WARN_COMMA = YES;
				CLANG_WARN_CONSTANT_CONVERSION = YES;
				CLANG_WARN_DEPRECATED_OBJC_IMPLEMENTATIONS = YES;
				CLANG_WARN_DIRECT_OBJC_ISA_USAGE = YES_ERROR;
				CLANG_WARN_DOCUMENTATION_COMMENTS = YES;
				CLANG_WARN_EMPTY_BODY = YES;
				CLANG_WARN_ENUM_CONVERSION = YES;
				CLANG_WARN_INFINITE_RECURSION = YES;
				CLANG_WARN_INT_CONVERSION = YES;
				CLANG_WARN_NON_LITERAL_NULL_CONVERSION = YES;
				CLANG_WARN_OBJC_IMPLICIT_RETAIN_SELF = YES;
				CLANG_WARN_OBJC_LITERAL_CONVERSION = YES;
				CLANG_WARN_OBJC_ROOT_CLASS = YES_ERROR;
				CLANG_WARN_QUOTED_INCLUDE_IN_FRAMEWORK_HEADER = YES;
				CLANG_WARN_RANGE_LOOP_ANALYSIS = YES;
				CLANG_WARN_STRICT_PROTOTYPES = YES;
				CLANG_WARN_SUSPICIOUS_MOVE = YES;
				CLANG_WARN_UNGUARDED_AVAILABILITY = YES_AGGRESSIVE;
				CLANG_WARN_UNREACHABLE_CODE = YES;
				CLANG_WARN__DUPLICATE_METHOD_MATCH = YES;
				COPY_PHASE_STRIP = NO;
				DEAD_CODE_STRIPPING = YES;
				DEBUG_INFORMATION_FORMAT = dwarf;
				DEVELOPMENT_TEAM = VA3SY54YU8;
				ENABLE_STRICT_OBJC_MSGSEND = YES;
				ENABLE_TESTABILITY = YES;
				ENABLE_USER_SCRIPT_SANDBOXING = YES;
				GCC_C_LANGUAGE_STANDARD = gnu11;
				GCC_DYNAMIC_NO_PIC = NO;
				GCC_NO_COMMON_BLOCKS = YES;
				GCC_OPTIMIZATION_LEVEL = 0;
				GCC_PREPROCESSOR_DEFINITIONS = (
					"DEBUG=1",
					"$(inherited)",
				);
				GCC_WARN_64_TO_32_BIT_CONVERSION = YES;
				GCC_WARN_ABOUT_RETURN_TYPE = YES_ERROR;
				GCC_WARN_UNDECLARED_SELECTOR = YES;
				GCC_WARN_UNINITIALIZED_AUTOS = YES_AGGRESSIVE;
				GCC_WARN_UNUSED_FUNCTION = YES;
				GCC_WARN_UNUSED_VARIABLE = YES;
				IPHONEOS_DEPLOYMENT_TARGET = 17.0;
				MACOSX_DEPLOYMENT_TARGET = 14.0;
				MTL_ENABLE_DEBUG_INFO = INCLUDE_SOURCE;
				MTL_FAST_MATH = YES;
				ONLY_ACTIVE_ARCH = YES;
				STRING_CATALOG_GENERATE_SYMBOLS = YES;
				SUPPORTED_PLATFORMS = "xrsimulator xros watchsimulator watchos macosx iphonesimulator iphoneos driverkit appletvsimulator appletvos";
				SUPPORTS_MACCATALYST = YES;
				SWIFT_ACTIVE_COMPILATION_CONDITIONS = DEBUG;
				SWIFT_OPTIMIZATION_LEVEL = "-Onone";
				SWIFT_STRICT_CONCURRENCY = complete;
				WATCHOS_DEPLOYMENT_TARGET = 10.0;
				XROS_DEPLOYMENT_TARGET = 1.0;
			};
			name = Debug;
		};
		1B3BF5D6289567C500E87899 /* Release configuration for PBXProject "Countdowns" */ = {
			isa = XCBuildConfiguration;
			buildSettings = {
				ALLOW_TARGET_PLATFORM_SPECIALIZATION = YES;
				ALWAYS_SEARCH_USER_PATHS = NO;
				CLANG_ANALYZER_NONNULL = YES;
				CLANG_ANALYZER_NUMBER_OBJECT_CONVERSION = YES_AGGRESSIVE;
				CLANG_CXX_LANGUAGE_STANDARD = "gnu++20";
				CLANG_ENABLE_MODULES = YES;
				CLANG_ENABLE_OBJC_ARC = YES;
				CLANG_ENABLE_OBJC_WEAK = YES;
				CLANG_WARN_BLOCK_CAPTURE_AUTORELEASING = YES;
				CLANG_WARN_BOOL_CONVERSION = YES;
				CLANG_WARN_COMMA = YES;
				CLANG_WARN_CONSTANT_CONVERSION = YES;
				CLANG_WARN_DEPRECATED_OBJC_IMPLEMENTATIONS = YES;
				CLANG_WARN_DIRECT_OBJC_ISA_USAGE = YES_ERROR;
				CLANG_WARN_DOCUMENTATION_COMMENTS = YES;
				CLANG_WARN_EMPTY_BODY = YES;
				CLANG_WARN_ENUM_CONVERSION = YES;
				CLANG_WARN_INFINITE_RECURSION = YES;
				CLANG_WARN_INT_CONVERSION = YES;
				CLANG_WARN_NON_LITERAL_NULL_CONVERSION = YES;
				CLANG_WARN_OBJC_IMPLICIT_RETAIN_SELF = YES;
				CLANG_WARN_OBJC_LITERAL_CONVERSION = YES;
				CLANG_WARN_OBJC_ROOT_CLASS = YES_ERROR;
				CLANG_WARN_QUOTED_INCLUDE_IN_FRAMEWORK_HEADER = YES;
				CLANG_WARN_RANGE_LOOP_ANALYSIS = YES;
				CLANG_WARN_STRICT_PROTOTYPES = YES;
				CLANG_WARN_SUSPICIOUS_MOVE = YES;
				CLANG_WARN_UNGUARDED_AVAILABILITY = YES_AGGRESSIVE;
				CLANG_WARN_UNREACHABLE_CODE = YES;
				CLANG_WARN__DUPLICATE_METHOD_MATCH = YES;
				COPY_PHASE_STRIP = NO;
				DEAD_CODE_STRIPPING = YES;
				DEBUG_INFORMATION_FORMAT = "dwarf-with-dsym";
				DEVELOPMENT_TEAM = VA3SY54YU8;
				ENABLE_NS_ASSERTIONS = NO;
				ENABLE_STRICT_OBJC_MSGSEND = YES;
				ENABLE_USER_SCRIPT_SANDBOXING = YES;
				GCC_C_LANGUAGE_STANDARD = gnu11;
				GCC_NO_COMMON_BLOCKS = YES;
				GCC_WARN_64_TO_32_BIT_CONVERSION = YES;
				GCC_WARN_ABOUT_RETURN_TYPE = YES_ERROR;
				GCC_WARN_UNDECLARED_SELECTOR = YES;
				GCC_WARN_UNINITIALIZED_AUTOS = YES_AGGRESSIVE;
				GCC_WARN_UNUSED_FUNCTION = YES;
				GCC_WARN_UNUSED_VARIABLE = YES;
				IPHONEOS_DEPLOYMENT_TARGET = 17.0;
				MACOSX_DEPLOYMENT_TARGET = 14.0;
				MTL_ENABLE_DEBUG_INFO = NO;
				MTL_FAST_MATH = YES;
				ONLY_ACTIVE_ARCH = NO;
				STRING_CATALOG_GENERATE_SYMBOLS = YES;
				SUPPORTED_PLATFORMS = "xrsimulator xros watchsimulator watchos macosx iphonesimulator iphoneos driverkit appletvsimulator appletvos";
				SUPPORTS_MACCATALYST = YES;
				SWIFT_COMPILATION_MODE = wholemodule;
				SWIFT_OPTIMIZATION_LEVEL = "-O";
				SWIFT_STRICT_CONCURRENCY = complete;
				WATCHOS_DEPLOYMENT_TARGET = 10.0;
				XROS_DEPLOYMENT_TARGET = 1.0;
			};
			name = Release;
		};
		1B3BF5D8289567C500E87899 /* Debug configuration for PBXNativeTarget "Countdowns" */ = {
			isa = XCBuildConfiguration;
			buildSettings = {
				ALLOW_TARGET_PLATFORM_SPECIALIZATION = YES;
				ASSETCATALOG_COMPILER_APPICON_NAME = App;
				ASSETCATALOG_COMPILER_GLOBAL_ACCENT_COLOR_NAME = AccentColor;
				CODE_SIGN_ENTITLEMENTS = Countdowns/Countdowns.entitlements;
				CODE_SIGN_IDENTITY = "-";
				"CODE_SIGN_IDENTITY[sdk=iphoneos*]" = "Apple Development";
				"CODE_SIGN_IDENTITY[sdk=macosx*]" = "Apple Development";
				"CODE_SIGN_IDENTITY[sdk=xros*]" = "Apple Development";
				CODE_SIGN_STYLE = Automatic;
				CURRENT_PROJECT_VERSION = 2;
				DEAD_CODE_STRIPPING = YES;
				DEVELOPMENT_ASSET_PATHS = "\"Countdowns/Preview Content\"";
				ENABLE_APP_SANDBOX = YES;
				ENABLE_HARDENED_RUNTIME = YES;
				ENABLE_OUTGOING_NETWORK_CONNECTIONS = YES;
				ENABLE_PREVIEWS = YES;
				ENABLE_USER_SELECTED_FILES = readonly;
				GENERATE_INFOPLIST_FILE = YES;
				INFOPLIST_FILE = Countdowns/Info.plist;
				INFOPLIST_KEY_LSApplicationCategoryType = "public.app-category.lifestyle";
				"INFOPLIST_KEY_UIApplicationSceneManifest_Generation[sdk=iphoneos*]" = YES;
				"INFOPLIST_KEY_UIApplicationSceneManifest_Generation[sdk=iphonesimulator*]" = YES;
				"INFOPLIST_KEY_UIApplicationSupportsIndirectInputEvents[sdk=iphoneos*]" = YES;
				"INFOPLIST_KEY_UIApplicationSupportsIndirectInputEvents[sdk=iphonesimulator*]" = YES;
				"INFOPLIST_KEY_UILaunchScreen_Generation[sdk=iphoneos*]" = YES;
				"INFOPLIST_KEY_UILaunchScreen_Generation[sdk=iphonesimulator*]" = YES;
				"INFOPLIST_KEY_UIStatusBarStyle[sdk=iphoneos*]" = UIStatusBarStyleDefault;
				"INFOPLIST_KEY_UIStatusBarStyle[sdk=iphonesimulator*]" = UIStatusBarStyleDefault;
				INFOPLIST_KEY_UISupportedInterfaceOrientations_iPad = "UIInterfaceOrientationPortrait UIInterfaceOrientationPortraitUpsideDown UIInterfaceOrientationLandscapeLeft UIInterfaceOrientationLandscapeRight";
				INFOPLIST_KEY_UISupportedInterfaceOrientations_iPhone = "UIInterfaceOrientationPortrait UIInterfaceOrientationLandscapeLeft UIInterfaceOrientationLandscapeRight";
				IPHONEOS_DEPLOYMENT_TARGET = 26.0;
				LD_RUNPATH_SEARCH_PATHS = "@executable_path/Frameworks";
				"LD_RUNPATH_SEARCH_PATHS[sdk=macosx*]" = "@executable_path/../Frameworks";
				MACOSX_DEPLOYMENT_TARGET = 15.0;
				MARKETING_VERSION = 1.1;
				PRODUCT_BUNDLE_IDENTIFIER = com.256arts.countdowns;
				PRODUCT_NAME = "$(TARGET_NAME)";
				REGISTER_APP_GROUPS = YES;
				SDKROOT = auto;
				SUPPORTED_PLATFORMS = "iphoneos iphonesimulator macosx";
				SUPPORTS_MACCATALYST = NO;
				SWIFT_EMIT_LOC_STRINGS = YES;
				SWIFT_VERSION = 5.0;
				TARGETED_DEVICE_FAMILY = "1,2,6,7";
				TVOS_DEPLOYMENT_TARGET = 18.0;
				XROS_DEPLOYMENT_TARGET = 2.0;
			};
			name = Debug;
		};
		1B3BF5D9289567C500E87899 /* Release configuration for PBXNativeTarget "Countdowns" */ = {
			isa = XCBuildConfiguration;
			buildSettings = {
				ALLOW_TARGET_PLATFORM_SPECIALIZATION = YES;
				ASSETCATALOG_COMPILER_APPICON_NAME = App;
				ASSETCATALOG_COMPILER_GLOBAL_ACCENT_COLOR_NAME = AccentColor;
				CODE_SIGN_ENTITLEMENTS = Countdowns/Countdowns.entitlements;
				CODE_SIGN_IDENTITY = "-";
				"CODE_SIGN_IDENTITY[sdk=iphoneos*]" = "Apple Development";
				"CODE_SIGN_IDENTITY[sdk=macosx*]" = "Apple Development";
				"CODE_SIGN_IDENTITY[sdk=xros*]" = "Apple Development";
				CODE_SIGN_STYLE = Automatic;
				CURRENT_PROJECT_VERSION = 2;
				DEAD_CODE_STRIPPING = YES;
				DEVELOPMENT_ASSET_PATHS = "\"Countdowns/Preview Content\"";
				ENABLE_APP_SANDBOX = YES;
				ENABLE_HARDENED_RUNTIME = YES;
				ENABLE_OUTGOING_NETWORK_CONNECTIONS = YES;
				ENABLE_PREVIEWS = YES;
				ENABLE_USER_SELECTED_FILES = readonly;
				GCC_OPTIMIZATION_LEVEL = s;
				GENERATE_INFOPLIST_FILE = YES;
				INFOPLIST_FILE = Countdowns/Info.plist;
				INFOPLIST_KEY_LSApplicationCategoryType = "public.app-category.lifestyle";
				"INFOPLIST_KEY_UIApplicationSceneManifest_Generation[sdk=iphoneos*]" = YES;
				"INFOPLIST_KEY_UIApplicationSceneManifest_Generation[sdk=iphonesimulator*]" = YES;
				"INFOPLIST_KEY_UIApplicationSupportsIndirectInputEvents[sdk=iphoneos*]" = YES;
				"INFOPLIST_KEY_UIApplicationSupportsIndirectInputEvents[sdk=iphonesimulator*]" = YES;
				"INFOPLIST_KEY_UILaunchScreen_Generation[sdk=iphoneos*]" = YES;
				"INFOPLIST_KEY_UILaunchScreen_Generation[sdk=iphonesimulator*]" = YES;
				"INFOPLIST_KEY_UIStatusBarStyle[sdk=iphoneos*]" = UIStatusBarStyleDefault;
				"INFOPLIST_KEY_UIStatusBarStyle[sdk=iphonesimulator*]" = UIStatusBarStyleDefault;
				INFOPLIST_KEY_UISupportedInterfaceOrientations_iPad = "UIInterfaceOrientationPortrait UIInterfaceOrientationPortraitUpsideDown UIInterfaceOrientationLandscapeLeft UIInterfaceOrientationLandscapeRight";
				INFOPLIST_KEY_UISupportedInterfaceOrientations_iPhone = "UIInterfaceOrientationPortrait UIInterfaceOrientationLandscapeLeft UIInterfaceOrientationLandscapeRight";
				IPHONEOS_DEPLOYMENT_TARGET = 26.0;
				LD_RUNPATH_SEARCH_PATHS = "@executable_path/Frameworks";
				"LD_RUNPATH_SEARCH_PATHS[sdk=macosx*]" = "@executable_path/../Frameworks";
				MACOSX_DEPLOYMENT_TARGET = 15.0;
				MARKETING_VERSION = 1.1;
				PRODUCT_BUNDLE_IDENTIFIER = com.256arts.countdowns;
				PRODUCT_NAME = "$(TARGET_NAME)";
				REGISTER_APP_GROUPS = YES;
				SDKROOT = auto;
				SUPPORTED_PLATFORMS = "iphoneos iphonesimulator macosx";
				SUPPORTS_MACCATALYST = NO;
				SWIFT_EMIT_LOC_STRINGS = YES;
				SWIFT_OPTIMIZATION_LEVEL = "-O";
				SWIFT_VERSION = 5.0;
				TARGETED_DEVICE_FAMILY = "1,2,6,7";
				TVOS_DEPLOYMENT_TARGET = 18.0;
				XROS_DEPLOYMENT_TARGET = 2.0;
			};
			name = Release;
		};
		1B68970A29371D25004E6730 /* Debug configuration for PBXNativeTarget "CountdownsWidgetExtension" */ = {
			isa = XCBuildConfiguration;
			buildSettings = {
				ASSETCATALOG_COMPILER_GLOBAL_ACCENT_COLOR_NAME = AccentColor;
				ASSETCATALOG_COMPILER_WIDGET_BACKGROUND_COLOR_NAME = WidgetBackground;
				CODE_SIGN_ENTITLEMENTS = CountdownsWidgetExtension.entitlements;
				CODE_SIGN_STYLE = Automatic;
				CURRENT_PROJECT_VERSION = 2;
				ENABLE_APP_SANDBOX = YES;
				GENERATE_INFOPLIST_FILE = YES;
				INFOPLIST_FILE = CountdownsWidget/Info.plist;
				INFOPLIST_KEY_CFBundleDisplayName = CountdownsWidget;
				INFOPLIST_KEY_NSHumanReadableCopyright = "";
				IPHONEOS_DEPLOYMENT_TARGET = 26.0;
				LD_RUNPATH_SEARCH_PATHS = (
					"$(inherited)",
					"@executable_path/Frameworks",
					"@executable_path/../../Frameworks",
				);
				MACOSX_DEPLOYMENT_TARGET = 26.0;
				MARKETING_VERSION = 1.1;
				PRODUCT_BUNDLE_IDENTIFIER = com.256arts.countdowns.widget;
				PRODUCT_NAME = "$(TARGET_NAME)";
				REGISTER_APP_GROUPS = YES;
				SDKROOT = iphoneos;
				SKIP_INSTALL = YES;
				SUPPORTED_PLATFORMS = "iphoneos iphonesimulator macosx watchos watchsimulator";
				SUPPORTS_MACCATALYST = NO;
				SUPPORTS_MAC_DESIGNED_FOR_IPHONE_IPAD = NO;
				SUPPORTS_XR_DESIGNED_FOR_IPHONE_IPAD = NO;
				SWIFT_EMIT_LOC_STRINGS = YES;
				SWIFT_VERSION = 5.0;
				TARGETED_DEVICE_FAMILY = "1,2,4";
				WATCHOS_DEPLOYMENT_TARGET = 26.0;
			};
			name = Debug;
		};
		1B68970B29371D25004E6730 /* Release configuration for PBXNativeTarget "CountdownsWidgetExtension" */ = {
			isa = XCBuildConfiguration;
			buildSettings = {
				ASSETCATALOG_COMPILER_GLOBAL_ACCENT_COLOR_NAME = AccentColor;
				ASSETCATALOG_COMPILER_WIDGET_BACKGROUND_COLOR_NAME = WidgetBackground;
				CODE_SIGN_ENTITLEMENTS = CountdownsWidgetExtension.entitlements;
				CODE_SIGN_STYLE = Automatic;
				CURRENT_PROJECT_VERSION = 2;
				ENABLE_APP_SANDBOX = YES;
				GENERATE_INFOPLIST_FILE = YES;
				INFOPLIST_FILE = CountdownsWidget/Info.plist;
				INFOPLIST_KEY_CFBundleDisplayName = CountdownsWidget;
				INFOPLIST_KEY_NSHumanReadableCopyright = "";
				IPHONEOS_DEPLOYMENT_TARGET = 26.0;
				LD_RUNPATH_SEARCH_PATHS = (
					"$(inherited)",
					"@executable_path/Frameworks",
					"@executable_path/../../Frameworks",
				);
				MACOSX_DEPLOYMENT_TARGET = 26.0;
				MARKETING_VERSION = 1.1;
				PRODUCT_BUNDLE_IDENTIFIER = com.256arts.countdowns.widget;
				PRODUCT_NAME = "$(TARGET_NAME)";
				REGISTER_APP_GROUPS = YES;
				SDKROOT = iphoneos;
				SKIP_INSTALL = YES;
				SUPPORTED_PLATFORMS = "iphoneos iphonesimulator macosx watchos watchsimulator";
				SUPPORTS_MACCATALYST = NO;
				SUPPORTS_MAC_DESIGNED_FOR_IPHONE_IPAD = NO;
				SUPPORTS_XR_DESIGNED_FOR_IPHONE_IPAD = NO;
				SWIFT_EMIT_LOC_STRINGS = YES;
				SWIFT_VERSION = 5.0;
				TARGETED_DEVICE_FAMILY = "1,2,4";
				VALIDATE_PRODUCT = YES;
				WATCHOS_DEPLOYMENT_TARGET = 26.0;
			};
			name = Release;
		};
		1BF386422AC519E500245931 /* Debug configuration for PBXNativeTarget "Countdowns Watch Watch App" */ = {
			isa = XCBuildConfiguration;
			buildSettings = {
				ASSETCATALOG_COMPILER_APPICON_NAME = App;
				ASSETCATALOG_COMPILER_GENERATE_SWIFT_ASSET_SYMBOL_EXTENSIONS = YES;
				ASSETCATALOG_COMPILER_GLOBAL_ACCENT_COLOR_NAME = AccentColor;
				CODE_SIGN_ENTITLEMENTS = "Countdowns Watch Watch App/Countdowns Watch Watch App.entitlements";
				CODE_SIGN_IDENTITY = "-";
				"CODE_SIGN_IDENTITY[sdk=iphoneos*]" = "Apple Development";
				"CODE_SIGN_IDENTITY[sdk=macosx*]" = "Apple Development";
				"CODE_SIGN_IDENTITY[sdk=watchos*]" = "Apple Development";
				CODE_SIGN_STYLE = Automatic;
				CURRENT_PROJECT_VERSION = 2;
				DEVELOPMENT_ASSET_PATHS = "\"Countdowns Watch Watch App/Preview Content\"";
				ENABLE_APP_SANDBOX = YES;
				ENABLE_PREVIEWS = YES;
				GCC_C_LANGUAGE_STANDARD = gnu17;
				GENERATE_INFOPLIST_FILE = YES;
				INFOPLIST_FILE = "Countdowns Watch Watch App/Countdowns-Watch-Watch-App-Info.plist";
				INFOPLIST_KEY_CFBundleDisplayName = Countdowns;
				INFOPLIST_KEY_UISupportedInterfaceOrientations = "UIInterfaceOrientationPortrait UIInterfaceOrientationPortraitUpsideDown";
				INFOPLIST_KEY_WKCompanionAppBundleIdentifier = com.256arts.countdowns;
				LD_RUNPATH_SEARCH_PATHS = (
					"$(inherited)",
					"@executable_path/Frameworks",
				);
				LOCALIZATION_PREFERS_STRING_CATALOGS = YES;
				MARKETING_VERSION = 1.1;
				PRODUCT_BUNDLE_IDENTIFIER = com.256arts.countdowns.watchkitapp;
				PRODUCT_NAME = "$(TARGET_NAME)";
				SDKROOT = watchos;
				SKIP_INSTALL = YES;
				SUPPORTED_PLATFORMS = "watchsimulator watchos";
				SWIFT_ACTIVE_COMPILATION_CONDITIONS = "DEBUG $(inherited)";
				SWIFT_EMIT_LOC_STRINGS = YES;
				SWIFT_VERSION = 5.0;
				TARGETED_DEVICE_FAMILY = 4;
				WATCHOS_DEPLOYMENT_TARGET = 26.0;
			};
			name = Debug;
		};
		1BF386432AC519E500245931 /* Release configuration for PBXNativeTarget "Countdowns Watch Watch App" */ = {
			isa = XCBuildConfiguration;
			buildSettings = {
				ASSETCATALOG_COMPILER_APPICON_NAME = App;
				ASSETCATALOG_COMPILER_GENERATE_SWIFT_ASSET_SYMBOL_EXTENSIONS = YES;
				ASSETCATALOG_COMPILER_GLOBAL_ACCENT_COLOR_NAME = AccentColor;
				CODE_SIGN_ENTITLEMENTS = "Countdowns Watch Watch App/Countdowns Watch Watch App.entitlements";
				CODE_SIGN_IDENTITY = "-";
				"CODE_SIGN_IDENTITY[sdk=iphoneos*]" = "Apple Development";
				"CODE_SIGN_IDENTITY[sdk=macosx*]" = "Apple Development";
				"CODE_SIGN_IDENTITY[sdk=watchos*]" = "Apple Development";
				CODE_SIGN_STYLE = Automatic;
				CURRENT_PROJECT_VERSION = 2;
				DEVELOPMENT_ASSET_PATHS = "\"Countdowns Watch Watch App/Preview Content\"";
				ENABLE_APP_SANDBOX = YES;
				ENABLE_PREVIEWS = YES;
				GCC_C_LANGUAGE_STANDARD = gnu17;
				GENERATE_INFOPLIST_FILE = YES;
				INFOPLIST_FILE = "Countdowns Watch Watch App/Countdowns-Watch-Watch-App-Info.plist";
				INFOPLIST_KEY_CFBundleDisplayName = Countdowns;
				INFOPLIST_KEY_UISupportedInterfaceOrientations = "UIInterfaceOrientationPortrait UIInterfaceOrientationPortraitUpsideDown";
				INFOPLIST_KEY_WKCompanionAppBundleIdentifier = com.256arts.countdowns;
				LD_RUNPATH_SEARCH_PATHS = (
					"$(inherited)",
					"@executable_path/Frameworks",
				);
				LOCALIZATION_PREFERS_STRING_CATALOGS = YES;
				MARKETING_VERSION = 1.1;
				PRODUCT_BUNDLE_IDENTIFIER = com.256arts.countdowns.watchkitapp;
				PRODUCT_NAME = "$(TARGET_NAME)";
				SDKROOT = watchos;
				SKIP_INSTALL = YES;
				SUPPORTED_PLATFORMS = "watchsimulator watchos";
				SWIFT_EMIT_LOC_STRINGS = YES;
				SWIFT_VERSION = 5.0;
				TARGETED_DEVICE_FAMILY = 4;
				VALIDATE_PRODUCT = YES;
				WATCHOS_DEPLOYMENT_TARGET = 26.0;
			};
			name = Release;
		};
/* End XCBuildConfiguration section */

/* Begin XCConfigurationList section */
		1B3BF5C3289567C300E87899 /* Build configuration list for PBXProject "Countdowns" */ = {
			isa = XCConfigurationList;
			buildConfigurations = (
				1B3BF5D5289567C500E87899 /* Debug configuration for PBXProject "Countdowns" */,
				1B3BF5D6289567C500E87899 /* Release configuration for PBXProject "Countdowns" */,
			);
			defaultConfigurationName = Release;
		};
		1B3BF5D7289567C500E87899 /* Build configuration list for PBXNativeTarget "Countdowns" */ = {
			isa = XCConfigurationList;
			buildConfigurations = (
				1B3BF5D8289567C500E87899 /* Debug configuration for PBXNativeTarget "Countdowns" */,
				1B3BF5D9289567C500E87899 /* Release configuration for PBXNativeTarget "Countdowns" */,
			);
			defaultConfigurationName = Release;
		};
		1B68970929371D25004E6730 /* Build configuration list for PBXNativeTarget "CountdownsWidgetExtension" */ = {
			isa = XCConfigurationList;
			buildConfigurations = (
				1B68970A29371D25004E6730 /* Debug configuration for PBXNativeTarget "CountdownsWidgetExtension" */,
				1B68970B29371D25004E6730 /* Release configuration for PBXNativeTarget "CountdownsWidgetExtension" */,
			);
			defaultConfigurationName = Release;
		};
		1BF386442AC519E500245931 /* Build configuration list for PBXNativeTarget "Countdowns Watch Watch App" */ = {
			isa = XCConfigurationList;
			buildConfigurations = (
				1BF386422AC519E500245931 /* Debug configuration for PBXNativeTarget "Countdowns Watch Watch App" */,
				1BF386432AC519E500245931 /* Release configuration for PBXNativeTarget "Countdowns Watch Watch App" */,
			);
			defaultConfigurationName = Release;
		};
/* End XCConfigurationList section */

/* Begin XCRemoteSwiftPackageReference section */
		1B435A69296F21630077A10A /* XCRemoteSwiftPackageReference "TMDb" */ = {
			isa = XCRemoteSwiftPackageReference;
			repositoryURL = "https://github.com/adamayoung/TMDb";
			requirement = {
				kind = upToNextMajorVersion;
				minimumVersion = 8.0.0;
			};
		};
/* End XCRemoteSwiftPackageReference section */

/* Begin XCSwiftPackageProductDependency section */
		1B435A6A296F21630077A10A /* TMDb */ = {
			isa = XCSwiftPackageProductDependency;
			package = 1B435A69296F21630077A10A /* XCRemoteSwiftPackageReference "TMDb" */;
			productName = TMDb;
		};
		1B435A6D296F2E970077A10A /* TMDb */ = {
			isa = XCSwiftPackageProductDependency;
			package = 1B435A69296F21630077A10A /* XCRemoteSwiftPackageReference "TMDb" */;
			productName = TMDb;
		};
		1BF3864B2AC51BBF00245931 /* TMDb */ = {
			isa = XCSwiftPackageProductDependency;
			package = 1B435A69296F21630077A10A /* XCRemoteSwiftPackageReference "TMDb" */;
			productName = TMDb;
		};
/* End XCSwiftPackageProductDependency section */
	};
	rootObject = 1B3BF5C0289567C300E87899 /* Project object */;
}
